// !$*UTF8*$!
{
	archiveVersion = 1;
	classes = {
	};
	objectVersion = 55;
	objects = {

/* Begin PBXBuildFile section */
		A803D89A28781EA4000878EA /* AstronomyDetailView.swift in Sources */ = {isa = PBXBuildFile; fileRef = A803D89928781EA4000878EA /* AstronomyDetailView.swift */; };
		A803D89E2878442E000878EA /* String.swift in Sources */ = {isa = PBXBuildFile; fileRef = A803D89D2878442E000878EA /* String.swift */; };
		A806ED07286C6944001C35F8 /* NetworkingManager.swift in Sources */ = {isa = PBXBuildFile; fileRef = A806ED06286C6944001C35F8 /* NetworkingManager.swift */; };
		A835FFA628796E0B008529B0 /* ImageCacheManager.swift in Sources */ = {isa = PBXBuildFile; fileRef = A835FFA528796E0B008529B0 /* ImageCacheManager.swift */; };
		A835FFA828797511008529B0 /* ImageLoadingViewModel.swift in Sources */ = {isa = PBXBuildFile; fileRef = A835FFA728797511008529B0 /* ImageLoadingViewModel.swift */; };
		A835FFAA2879779B008529B0 /* AstronomyRowView.swift in Sources */ = {isa = PBXBuildFile; fileRef = A835FFA92879779B008529B0 /* AstronomyRowView.swift */; };
		A835FFAF287978EE008529B0 /* DownloadingImageView.swift in Sources */ = {isa = PBXBuildFile; fileRef = A835FFAE287978EE008529B0 /* DownloadingImageView.swift */; };
		A835FFB528798FAB008529B0 /* CosmicHomeView.swift in Sources */ = {isa = PBXBuildFile; fileRef = A835FFB428798FAB008529B0 /* CosmicHomeView.swift */; };
		A8A898452850B7CF008F0658 /* CosmicApp.swift in Sources */ = {isa = PBXBuildFile; fileRef = A8A898442850B7CF008F0658 /* CosmicApp.swift */; };
		A8A898472850B7CF008F0658 /* AstronomyListView.swift in Sources */ = {isa = PBXBuildFile; fileRef = A8A898462850B7CF008F0658 /* AstronomyListView.swift */; };
		A8A898492850B7D1008F0658 /* Assets.xcassets in Resources */ = {isa = PBXBuildFile; fileRef = A8A898482850B7D1008F0658 /* Assets.xcassets */; };
		A8A8984C2850B7D1008F0658 /* Preview Assets.xcassets in Resources */ = {isa = PBXBuildFile; fileRef = A8A8984B2850B7D1008F0658 /* Preview Assets.xcassets */; };
		A8A898532850B8C7008F0658 /* Astronomy.swift in Sources */ = {isa = PBXBuildFile; fileRef = A8A898522850B8C7008F0658 /* Astronomy.swift */; };
		A8A898572850BD43008F0658 /* AstronomyViewModel.swift in Sources */ = {isa = PBXBuildFile; fileRef = A8A898562850BD43008F0658 /* AstronomyViewModel.swift */; };
/* End PBXBuildFile section */

/* Begin PBXFileReference section */
		A803D89928781EA4000878EA /* AstronomyDetailView.swift */ = {isa = PBXFileReference; lastKnownFileType = sourcecode.swift; path = AstronomyDetailView.swift; sourceTree = "<group>"; };
		A803D89D2878442E000878EA /* String.swift */ = {isa = PBXFileReference; lastKnownFileType = sourcecode.swift; path = String.swift; sourceTree = "<group>"; };
		A806ED06286C6944001C35F8 /* NetworkingManager.swift */ = {isa = PBXFileReference; lastKnownFileType = sourcecode.swift; path = NetworkingManager.swift; sourceTree = "<group>"; };
		A835FFA528796E0B008529B0 /* ImageCacheManager.swift */ = {isa = PBXFileReference; lastKnownFileType = sourcecode.swift; path = ImageCacheManager.swift; sourceTree = "<group>"; };
		A835FFA728797511008529B0 /* ImageLoadingViewModel.swift */ = {isa = PBXFileReference; lastKnownFileType = sourcecode.swift; path = ImageLoadingViewModel.swift; sourceTree = "<group>"; };
		A835FFA92879779B008529B0 /* AstronomyRowView.swift */ = {isa = PBXFileReference; lastKnownFileType = sourcecode.swift; path = AstronomyRowView.swift; sourceTree = "<group>"; };
		A835FFAE287978EE008529B0 /* DownloadingImageView.swift */ = {isa = PBXFileReference; lastKnownFileType = sourcecode.swift; path = DownloadingImageView.swift; sourceTree = "<group>"; };
		A835FFB428798FAB008529B0 /* CosmicHomeView.swift */ = {isa = PBXFileReference; lastKnownFileType = sourcecode.swift; path = CosmicHomeView.swift; sourceTree = "<group>"; };
		A8A898412850B7CF008F0658 /* Cosmic.app */ = {isa = PBXFileReference; explicitFileType = wrapper.application; includeInIndex = 0; path = Cosmic.app; sourceTree = BUILT_PRODUCTS_DIR; };
		A8A898442850B7CF008F0658 /* CosmicApp.swift */ = {isa = PBXFileReference; lastKnownFileType = sourcecode.swift; path = CosmicApp.swift; sourceTree = "<group>"; };
		A8A898462850B7CF008F0658 /* AstronomyListView.swift */ = {isa = PBXFileReference; lastKnownFileType = sourcecode.swift; path = AstronomyListView.swift; sourceTree = "<group>"; };
		A8A898482850B7D1008F0658 /* Assets.xcassets */ = {isa = PBXFileReference; lastKnownFileType = folder.assetcatalog; path = Assets.xcassets; sourceTree = "<group>"; };
		A8A8984B2850B7D1008F0658 /* Preview Assets.xcassets */ = {isa = PBXFileReference; lastKnownFileType = folder.assetcatalog; path = "Preview Assets.xcassets"; sourceTree = "<group>"; };
		A8A898522850B8C7008F0658 /* Astronomy.swift */ = {isa = PBXFileReference; lastKnownFileType = sourcecode.swift; path = Astronomy.swift; sourceTree = "<group>"; };
		A8A898562850BD43008F0658 /* AstronomyViewModel.swift */ = {isa = PBXFileReference; lastKnownFileType = sourcecode.swift; path = AstronomyViewModel.swift; sourceTree = "<group>"; };
/* End PBXFileReference section */

/* Begin PBXFrameworksBuildPhase section */
		A8A8983E2850B7CF008F0658 /* Frameworks */ = {
			isa = PBXFrameworksBuildPhase;
			buildActionMask = 2147483647;
			files = (
			);
			runOnlyForDeploymentPostprocessing = 0;
		};
/* End PBXFrameworksBuildPhase section */

/* Begin PBXGroup section */
		A806ED08286C694D001C35F8 /* Utilities */ = {
			isa = PBXGroup;
			children = (
				A806ED06286C6944001C35F8 /* NetworkingManager.swift */,
				A835FFA528796E0B008529B0 /* ImageCacheManager.swift */,
			);
			path = Utilities;
			sourceTree = "<group>";
		};
		A835FFAB28797817008529B0 /* ListScreen */ = {
			isa = PBXGroup;
			children = (
				A8A898462850B7CF008F0658 /* AstronomyListView.swift */,
				A835FFA92879779B008529B0 /* AstronomyRowView.swift */,
				A803D89928781EA4000878EA /* AstronomyDetailView.swift */,
			);
			path = ListScreen;
			sourceTree = "<group>";
		};
		A835FFAD28797851008529B0 /* Components */ = {
			isa = PBXGroup;
			children = (
				A835FFAE287978EE008529B0 /* DownloadingImageView.swift */,
			);
			path = Components;
			sourceTree = "<group>";
		};
		A8A898382850B7CF008F0658 = {
			isa = PBXGroup;
			children = (
				A8A898432850B7CF008F0658 /* Cosmic */,
				A8A898422850B7CF008F0658 /* Products */,
			);
			sourceTree = "<group>";
		};
		A8A898422850B7CF008F0658 /* Products */ = {
			isa = PBXGroup;
			children = (
				A8A898412850B7CF008F0658 /* Cosmic.app */,
			);
			name = Products;
			sourceTree = "<group>";
		};
		A8A898432850B7CF008F0658 /* Cosmic */ = {
			isa = PBXGroup;
			children = (
				A8A898442850B7CF008F0658 /* CosmicApp.swift */,
				A806ED08286C694D001C35F8 /* Utilities */,
				A8A898542850B8D6008F0658 /* Model */,
				A8A8985A2850BD66008F0658 /* ViewModel */,
				A8A898552850BCB7008F0658 /* View */,
				A8C5D4E7286EF50300A44B30 /* Extensions */,
				A8A898482850B7D1008F0658 /* Assets.xcassets */,
				A8A8984A2850B7D1008F0658 /* Preview Content */,
			);
			path = Cosmic;
			sourceTree = "<group>";
		};
		A8A8984A2850B7D1008F0658 /* Preview Content */ = {
			isa = PBXGroup;
			children = (
				A8A8984B2850B7D1008F0658 /* Preview Assets.xcassets */,
			);
			path = "Preview Content";
			sourceTree = "<group>";
		};
		A8A898542850B8D6008F0658 /* Model */ = {
			isa = PBXGroup;
			children = (
				A8A898522850B8C7008F0658 /* Astronomy.swift */,
			);
			path = Model;
			sourceTree = "<group>";
		};
		A8A898552850BCB7008F0658 /* View */ = {
			isa = PBXGroup;
			children = (
				A835FFB428798FAB008529B0 /* CosmicHomeView.swift */,
				A835FFAB28797817008529B0 /* ListScreen */,
				A835FFAD28797851008529B0 /* Components */,
			);
			path = View;
			sourceTree = "<group>";
		};
		A8A8985A2850BD66008F0658 /* ViewModel */ = {
			isa = PBXGroup;
			children = (
				A8A898562850BD43008F0658 /* AstronomyViewModel.swift */,
				A835FFA728797511008529B0 /* ImageLoadingViewModel.swift */,
			);
			path = ViewModel;
			sourceTree = "<group>";
		};
		A8C5D4E7286EF50300A44B30 /* Extensions */ = {
			isa = PBXGroup;
			children = (
				A803D89D2878442E000878EA /* String.swift */,
			);
			path = Extensions;
			sourceTree = "<group>";
		};
/* End PBXGroup section */

/* Begin PBXNativeTarget section */
		A8A898402850B7CF008F0658 /* Cosmic */ = {
			isa = PBXNativeTarget;
			buildConfigurationList = A8A8984F2850B7D1008F0658 /* Build configuration list for PBXNativeTarget "Cosmic" */;
			buildPhases = (
				A8A8983D2850B7CF008F0658 /* Sources */,
				A8A8983E2850B7CF008F0658 /* Frameworks */,
				A8A8983F2850B7CF008F0658 /* Resources */,
			);
			buildRules = (
			);
			dependencies = (
			);
			name = Cosmic;
			productName = Cosmic;
			productReference = A8A898412850B7CF008F0658 /* Cosmic.app */;
			productType = "com.apple.product-type.application";
		};
/* End PBXNativeTarget section */

/* Begin PBXProject section */
		A8A898392850B7CF008F0658 /* Project object */ = {
			isa = PBXProject;
			attributes = {
				BuildIndependentTargetsInParallel = 1;
				LastSwiftUpdateCheck = 1310;
				LastUpgradeCheck = 1310;
				TargetAttributes = {
					A8A898402850B7CF008F0658 = {
						CreatedOnToolsVersion = 13.1;
					};
				};
			};
			buildConfigurationList = A8A8983C2850B7CF008F0658 /* Build configuration list for PBXProject "Cosmic" */;
			compatibilityVersion = "Xcode 13.0";
			developmentRegion = en;
			hasScannedForEncodings = 0;
			knownRegions = (
				en,
				Base,
			);
			mainGroup = A8A898382850B7CF008F0658;
			productRefGroup = A8A898422850B7CF008F0658 /* Products */;
			projectDirPath = "";
			projectRoot = "";
			targets = (
				A8A898402850B7CF008F0658 /* Cosmic */,
			);
		};
/* End PBXProject section */

/* Begin PBXResourcesBuildPhase section */
		A8A8983F2850B7CF008F0658 /* Resources */ = {
			isa = PBXResourcesBuildPhase;
			buildActionMask = 2147483647;
			files = (
				A8A8984C2850B7D1008F0658 /* Preview Assets.xcassets in Resources */,
				A8A898492850B7D1008F0658 /* Assets.xcassets in Resources */,
			);
			runOnlyForDeploymentPostprocessing = 0;
		};
/* End PBXResourcesBuildPhase section */

/* Begin PBXSourcesBuildPhase section */
		A8A8983D2850B7CF008F0658 /* Sources */ = {
			isa = PBXSourcesBuildPhase;
			buildActionMask = 2147483647;
			files = (
				A8A898472850B7CF008F0658 /* AstronomyListView.swift in Sources */,
				A835FFAF287978EE008529B0 /* DownloadingImageView.swift in Sources */,
				A835FFA628796E0B008529B0 /* ImageCacheManager.swift in Sources */,
				A835FFA828797511008529B0 /* ImageLoadingViewModel.swift in Sources */,
				A803D89A28781EA4000878EA /* AstronomyDetailView.swift in Sources */,
				A835FFB528798FAB008529B0 /* CosmicHomeView.swift in Sources */,
				A803D89E2878442E000878EA /* String.swift in Sources */,
				A806ED07286C6944001C35F8 /* NetworkingManager.swift in Sources */,
				A8A898532850B8C7008F0658 /* Astronomy.swift in Sources */,
				A8A898572850BD43008F0658 /* AstronomyViewModel.swift in Sources */,
				A835FFAA2879779B008529B0 /* AstronomyRowView.swift in Sources */,
				A8A898452850B7CF008F0658 /* CosmicApp.swift in Sources */,
			);
			runOnlyForDeploymentPostprocessing = 0;
		};
/* End PBXSourcesBuildPhase section */

/* Begin XCBuildConfiguration section */
		A8A8984D2850B7D1008F0658 /* Debug */ = {
			isa = XCBuildConfiguration;
			buildSettings = {
				ALWAYS_SEARCH_USER_PATHS = NO;
				CLANG_ANALYZER_NONNULL = YES;
				CLANG_ANALYZER_NUMBER_OBJECT_CONVERSION = YES_AGGRESSIVE;
				CLANG_CXX_LANGUAGE_STANDARD = "gnu++17";
				CLANG_CXX_LIBRARY = "libc++";
				CLANG_ENABLE_MODULES = YES;
				CLANG_ENABLE_OBJC_ARC = YES;
				CLANG_ENABLE_OBJC_WEAK = YES;
				CLANG_WARN_BLOCK_CAPTURE_AUTORELEASING = YES;
				CLANG_WARN_BOOL_CONVERSION = YES;
				CLANG_WARN_COMMA = YES;
				CLANG_WARN_CONSTANT_CONVERSION = YES;
				CLANG_WARN_DEPRECATED_OBJC_IMPLEMENTATIONS = YES;
				CLANG_WARN_DIRECT_OBJC_ISA_USAGE = YES_ERROR;
				CLANG_WARN_DOCUMENTATION_COMMENTS = YES;
				CLANG_WARN_EMPTY_BODY = YES;
				CLANG_WARN_ENUM_CONVERSION = YES;
				CLANG_WARN_INFINITE_RECURSION = YES;
				CLANG_WARN_INT_CONVERSION = YES;
				CLANG_WARN_NON_LITERAL_NULL_CONVERSION = YES;
				CLANG_WARN_OBJC_IMPLICIT_RETAIN_SELF = YES;
				CLANG_WARN_OBJC_LITERAL_CONVERSION = YES;
				CLANG_WARN_OBJC_ROOT_CLASS = YES_ERROR;
				CLANG_WARN_QUOTED_INCLUDE_IN_FRAMEWORK_HEADER = YES;
				CLANG_WARN_RANGE_LOOP_ANALYSIS = YES;
				CLANG_WARN_STRICT_PROTOTYPES = YES;
				CLANG_WARN_SUSPICIOUS_MOVE = YES;
				CLANG_WARN_UNGUARDED_AVAILABILITY = YES_AGGRESSIVE;
				CLANG_WARN_UNREACHABLE_CODE = YES;
				CLANG_WARN__DUPLICATE_METHOD_MATCH = YES;
				COPY_PHASE_STRIP = NO;
				DEBUG_INFORMATION_FORMAT = dwarf;
				ENABLE_STRICT_OBJC_MSGSEND = YES;
				ENABLE_TESTABILITY = YES;
				GCC_C_LANGUAGE_STANDARD = gnu11;
				GCC_DYNAMIC_NO_PIC = NO;
				GCC_NO_COMMON_BLOCKS = YES;
				GCC_OPTIMIZATION_LEVEL = 0;
				GCC_PREPROCESSOR_DEFINITIONS = (
					"DEBUG=1",
					"$(inherited)",
				);
				GCC_WARN_64_TO_32_BIT_CONVERSION = YES;
				GCC_WARN_ABOUT_RETURN_TYPE = YES_ERROR;
				GCC_WARN_UNDECLARED_SELECTOR = YES;
				GCC_WARN_UNINITIALIZED_AUTOS = YES_AGGRESSIVE;
				GCC_WARN_UNUSED_FUNCTION = YES;
				GCC_WARN_UNUSED_VARIABLE = YES;
				IPHONEOS_DEPLOYMENT_TARGET = 15.0;
				MTL_ENABLE_DEBUG_INFO = INCLUDE_SOURCE;
				MTL_FAST_MATH = YES;
				ONLY_ACTIVE_ARCH = YES;
				SDKROOT = iphoneos;
				SWIFT_ACTIVE_COMPILATION_CONDITIONS = DEBUG;
				SWIFT_OPTIMIZATION_LEVEL = "-Onone";
			};
			name = Debug;
		};
		A8A8984E2850B7D1008F0658 /* Release */ = {
			isa = XCBuildConfiguration;
			buildSettings = {
				ALWAYS_SEARCH_USER_PATHS = NO;
				CLANG_ANALYZER_NONNULL = YES;
				CLANG_ANALYZER_NUMBER_OBJECT_CONVERSION = YES_AGGRESSIVE;
				CLANG_CXX_LANGUAGE_STANDARD = "gnu++17";
				CLANG_CXX_LIBRARY = "libc++";
				CLANG_ENABLE_MODULES = YES;
				CLANG_ENABLE_OBJC_ARC = YES;
				CLANG_ENABLE_OBJC_WEAK = YES;
				CLANG_WARN_BLOCK_CAPTURE_AUTORELEASING = YES;
				CLANG_WARN_BOOL_CONVERSION = YES;
				CLANG_WARN_COMMA = YES;
				CLANG_WARN_CONSTANT_CONVERSION = YES;
				CLANG_WARN_DEPRECATED_OBJC_IMPLEMENTATIONS = YES;
				CLANG_WARN_DIRECT_OBJC_ISA_USAGE = YES_ERROR;
				CLANG_WARN_DOCUMENTATION_COMMENTS = YES;
				CLANG_WARN_EMPTY_BODY = YES;
				CLANG_WARN_ENUM_CONVERSION = YES;
				CLANG_WARN_INFINITE_RECURSION = YES;
				CLANG_WARN_INT_CONVERSION = YES;
				CLANG_WARN_NON_LITERAL_NULL_CONVERSION = YES;
				CLANG_WARN_OBJC_IMPLICIT_RETAIN_SELF = YES;
				CLANG_WARN_OBJC_LITERAL_CONVERSION = YES;
				CLANG_WARN_OBJC_ROOT_CLASS = YES_ERROR;
				CLANG_WARN_QUOTED_INCLUDE_IN_FRAMEWORK_HEADER = YES;
				CLANG_WARN_RANGE_LOOP_ANALYSIS = YES;
				CLANG_WARN_STRICT_PROTOTYPES = YES;
				CLANG_WARN_SUSPICIOUS_MOVE = YES;
				CLANG_WARN_UNGUARDED_AVAILABILITY = YES_AGGRESSIVE;
				CLANG_WARN_UNREACHABLE_CODE = YES;
				CLANG_WARN__DUPLICATE_METHOD_MATCH = YES;
				COPY_PHASE_STRIP = NO;
				DEBUG_INFORMATION_FORMAT = "dwarf-with-dsym";
				ENABLE_NS_ASSERTIONS = NO;
				ENABLE_STRICT_OBJC_MSGSEND = YES;
				GCC_C_LANGUAGE_STANDARD = gnu11;
				GCC_NO_COMMON_BLOCKS = YES;
				GCC_WARN_64_TO_32_BIT_CONVERSION = YES;
				GCC_WARN_ABOUT_RETURN_TYPE = YES_ERROR;
				GCC_WARN_UNDECLARED_SELECTOR = YES;
				GCC_WARN_UNINITIALIZED_AUTOS = YES_AGGRESSIVE;
				GCC_WARN_UNUSED_FUNCTION = YES;
				GCC_WARN_UNUSED_VARIABLE = YES;
				IPHONEOS_DEPLOYMENT_TARGET = 15.0;
				MTL_ENABLE_DEBUG_INFO = NO;
				MTL_FAST_MATH = YES;
				SDKROOT = iphoneos;
				SWIFT_COMPILATION_MODE = wholemodule;
				SWIFT_OPTIMIZATION_LEVEL = "-O";
				VALIDATE_PRODUCT = YES;
			};
			name = Release;
		};
		A8A898502850B7D1008F0658 /* Debug */ = {
			isa = XCBuildConfiguration;
			buildSettings = {
				ASSETCATALOG_COMPILER_APPICON_NAME = AppIcon;
				ASSETCATALOG_COMPILER_GLOBAL_ACCENT_COLOR_NAME = AccentColor;
				CODE_SIGN_STYLE = Automatic;
				CURRENT_PROJECT_VERSION = 1;
				DEVELOPMENT_ASSET_PATHS = "\"Cosmic/Preview Content\"";
				DEVELOPMENT_TEAM = WV8G99LA38;
				ENABLE_PREVIEWS = YES;
				GENERATE_INFOPLIST_FILE = YES;
				INFOPLIST_KEY_UIApplicationSceneManifest_Generation = YES;
				INFOPLIST_KEY_UIApplicationSupportsIndirectInputEvents = YES;
				INFOPLIST_KEY_UILaunchScreen_Generation = YES;
				INFOPLIST_KEY_UISupportedInterfaceOrientations_iPad = "UIInterfaceOrientationPortrait UIInterfaceOrientationPortraitUpsideDown UIInterfaceOrientationLandscapeLeft UIInterfaceOrientationLandscapeRight";
				INFOPLIST_KEY_UISupportedInterfaceOrientations_iPhone = "UIInterfaceOrientationPortrait UIInterfaceOrientationLandscapeLeft UIInterfaceOrientationLandscapeRight";
				LD_RUNPATH_SEARCH_PATHS = (
					"$(inherited)",
					"@executable_path/Frameworks",
				);
				MARKETING_VERSION = 1.0;
				PRODUCT_BUNDLE_IDENTIFIER = NizamiDev.Cosmic;
				PRODUCT_NAME = "$(TARGET_NAME)";
				SWIFT_EMIT_LOC_STRINGS = YES;
				SWIFT_VERSION = 5.0;
				TARGETED_DEVICE_FAMILY = "1,2";
			};
			name = Debug;
		};
		A8A898512850B7D1008F0658 /* Release */ = {
			isa = XCBuildConfiguration;
			buildSettings = {
				ASSETCATALOG_COMPILER_APPICON_NAME = AppIcon;
				ASSETCATALOG_COMPILER_GLOBAL_ACCENT_COLOR_NAME = AccentColor;
				CODE_SIGN_STYLE = Automatic;
				CURRENT_PROJECT_VERSION = 1;
				DEVELOPMENT_ASSET_PATHS = "\"Cosmic/Preview Content\"";
				DEVELOPMENT_TEAM = WV8G99LA38;
				ENABLE_PREVIEWS = YES;
				GENERATE_INFOPLIST_FILE = YES;
				INFOPLIST_KEY_UIApplicationSceneManifest_Generation = YES;
				INFOPLIST_KEY_UIApplicationSupportsIndirectInputEvents = YES;
				INFOPLIST_KEY_UILaunchScreen_Generation = YES;
				INFOPLIST_KEY_UISupportedInterfaceOrientations_iPad = "UIInterfaceOrientationPortrait UIInterfaceOrientationPortraitUpsideDown UIInterfaceOrientationLandscapeLeft UIInterfaceOrientationLandscapeRight";
				INFOPLIST_KEY_UISupportedInterfaceOrientations_iPhone = "UIInterfaceOrientationPortrait UIInterfaceOrientationLandscapeLeft UIInterfaceOrientationLandscapeRight";
				LD_RUNPATH_SEARCH_PATHS = (
					"$(inherited)",
					"@executable_path/Frameworks",
				);
				MARKETING_VERSION = 1.0;
				PRODUCT_BUNDLE_IDENTIFIER = NizamiDev.Cosmic;
				PRODUCT_NAME = "$(TARGET_NAME)";
				SWIFT_EMIT_LOC_STRINGS = YES;
				SWIFT_VERSION = 5.0;
				TARGETED_DEVICE_FAMILY = "1,2";
			};
			name = Release;
		};
/* End XCBuildConfiguration section */

/* Begin XCConfigurationList section */
		A8A8983C2850B7CF008F0658 /* Build configuration list for PBXProject "Cosmic" */ = {
			isa = XCConfigurationList;
			buildConfigurations = (
				A8A8984D2850B7D1008F0658 /* Debug */,
				A8A8984E2850B7D1008F0658 /* Release */,
			);
			defaultConfigurationIsVisible = 0;
			defaultConfigurationName = Release;
		};
		A8A8984F2850B7D1008F0658 /* Build configuration list for PBXNativeTarget "Cosmic" */ = {
			isa = XCConfigurationList;
			buildConfigurations = (
				A8A898502850B7D1008F0658 /* Debug */,
				A8A898512850B7D1008F0658 /* Release */,
			);
			defaultConfigurationIsVisible = 0;
			defaultConfigurationName = Release;
		};
/* End XCConfigurationList section */
	};
	rootObject = A8A898392850B7CF008F0658 /* Project object */;
}
